
Microsoft Visual Studio Solution File, Format Version 12.00
# Visual Studio Version 17
VisualStudioVersion = 17.11.35312.102
MinimumVisualStudioVersion = 10.0.40219.1
Project("{9A19103F-16F7-4668-BE54-9A1E7A4F7556}") = "GatewayDemo", "GatewayDemo\GatewayDemo.csproj", "{0B8B5D68-C53C-4AFB-A415-E2E8749F1323}"
EndProject
Project("{9A19103F-16F7-4668-BE54-9A1E7A4F7556}") = "StudentManager", "StudentManager\StudentManager.csproj", "{7DC1CF1E-DB0B-4EFC-A48C-12B9CE3C7197}"
EndProject
Project("{9A19103F-16F7-4668-BE54-9A1E7A4F7556}") = "JWTTokenGeneration", "JWTTokenGeneration\JWTTokenGeneration.csproj", "{0194918F-7ECE-4F00-9EA5-A44C564DD04F}"
EndProject
Project("{9A19103F-16F7-4668-BE54-9A1E7A4F7556}") = "LambdaAuth", "LambdaAuth\LambdaAuth.csproj", "{4AEE5E38-5D8E-4D8C-9D02-268A7BFB2BC3}"
EndProject
Global
	GlobalSection(SolutionConfigurationPlatforms) = preSolution
		Debug|Any CPU = Debug|Any CPU
		Release|Any CPU = Release|Any CPU
	EndGlobalSection
	GlobalSection(ProjectConfigurationPlatforms) = postSolution
		{0B8B5D68-C53C-4AFB-A415-E2E8749F1323}.Debug|Any CPU.ActiveCfg = Debug|Any CPU
		{0B8B5D68-C53C-4AFB-A415-E2E8749F1323}.Debug|Any CPU.Build.0 = Debug|Any CPU
		{0B8B5D68-C53C-4AFB-A415-E2E8749F1323}.Release|Any CPU.ActiveCfg = Release|Any CPU
		{0B8B5D68-C53C-4AFB-A415-E2E8749F1323}.Release|Any CPU.Build.0 = Release|Any CPU
		{7DC1CF1E-DB0B-4EFC-A48C-12B9CE3C7197}.Debug|Any CPU.ActiveCfg = Debug|Any CPU
		{7DC1CF1E-DB0B-4EFC-A48C-12B9CE3C7197}.Debug|Any CPU.Build.0 = Debug|Any CPU
		{7DC1CF1E-DB0B-4EFC-A48C-12B9CE3C7197}.Release|Any CPU.ActiveCfg = Release|Any CPU
		{7DC1CF1E-DB0B-4EFC-A48C-12B9CE3C7197}.Release|Any CPU.Build.0 = Release|Any CPU
		{0194918F-7ECE-4F00-9EA5-A44C564DD04F}.Debug|Any CPU.ActiveCfg = Debug|Any CPU
		{0194918F-7ECE-4F00-9EA5-A44C564DD04F}.Debug|Any CPU.Build.0 = Debug|Any CPU
		{0194918F-7ECE-4F00-9EA5-A44C564DD04F}.Release|Any CPU.ActiveCfg = Release|Any CPU
		{0194918F-7ECE-4F00-9EA5-A44C564DD04F}.Release|Any CPU.Build.0 = Release|Any CPU
		{4AEE5E38-5D8E-4D8C-9D02-268A7BFB2BC3}.Debug|Any CPU.ActiveCfg = Debug|Any CPU
		{4AEE5E38-5D8E-4D8C-9D02-268A7BFB2BC3}.Debug|Any CPU.Build.0 = Debug|Any CPU
		{4AEE5E38-5D8E-4D8C-9D02-268A7BFB2BC3}.Release|Any CPU.ActiveCfg = Release|Any CPU
		{4AEE5E38-5D8E-4D8C-9D02-268A7BFB2BC3}.Release|Any CPU.Build.0 = Release|Any CPU
	EndGlobalSection
	GlobalSection(SolutionProperties) = preSolution
		HideSolutionNode = FALSE
	EndGlobalSection
	GlobalSection(ExtensibilityGlobals) = postSolution
		SolutionGuid = {5E9D5876-39D0-46A2-A0CE-B79EE3BCF70A}
	EndGlobalSection
EndGlobal
