
Microsoft Visual Studio Solution File, Format Version 12.00
# Visual Studio Version 17
VisualStudioVersion = 17.11.35312.102
MinimumVisualStudioVersion = 10.0.40219.1
Project("{FAE04EC0-301F-11D3-BF4B-00C04F79EFBC}") = "S3.Demo.API", "S3.Demo.API\S3.Demo.API.csproj", "{841C9859-3F6F-4B8C-B07E-8863962A0B6E}"
EndProject
Global
	GlobalSection(SolutionConfigurationPlatforms) = preSolution
		Debug|Any CPU = Debug|Any CPU
		Release|Any CPU = Release|Any CPU
	EndGlobalSection
	GlobalSection(ProjectConfigurationPlatforms) = postSolution
		{841C9859-3F6F-4B8C-B07E-8863962A0B6E}.Debug|Any CPU.ActiveCfg = Debug|Any CPU
		{841C9859-3F6F-4B8C-B07E-8863962A0B6E}.Debug|Any CPU.Build.0 = Debug|Any CPU
		{841C9859-3F6F-4B8C-B07E-8863962A0B6E}.Release|Any CPU.ActiveCfg = Release|Any CPU
		{841C9859-3F6F-4B8C-B07E-8863962A0B6E}.Release|Any CPU.Build.0 = Release|Any CPU
	EndGlobalSection
	GlobalSection(SolutionProperties) = preSolution
		HideSolutionNode = FALSE
	EndGlobalSection
	GlobalSection(ExtensibilityGlobals) = postSolution
		SolutionGuid = {63B5B620-34A8-45D6-84BA-3238B075C22A}
	EndGlobalSection
EndGlobal
